
Microsoft Visual Studio Solution File, Format Version 12.00
# Visual Studio Version 17
VisualStudioVersion = 17.3.32804.467
MinimumVisualStudioVersion = 10.0.40219.1
Project("{FAE04EC0-301F-11D3-BF4B-00C04F79EFBC}") = "FileTutorial", "FileTutorial\FileTutorial.csproj", "{E9848244-3FF2-4E23-B3F0-818957B7DA15}"
EndProject
Global
	GlobalSection(SolutionConfigurationPlatforms) = preSolution
		Debug|Any CPU = Debug|Any CPU
		Release|Any CPU = Release|Any CPU
	EndGlobalSection
	GlobalSection(ProjectConfigurationPlatforms) = postSolution
		{E9848244-3FF2-4E23-B3F0-818957B7DA15}.Debug|Any CPU.ActiveCfg = Debug|Any CPU
		{E9848244-3FF2-4E23-B3F0-818957B7DA15}.Debug|Any CPU.Build.0 = Debug|Any CPU
		{E9848244-3FF2-4E23-B3F0-818957B7DA15}.Release|Any CPU.ActiveCfg = Release|Any CPU
		{E9848244-3FF2-4E23-B3F0-818957B7DA15}.Release|Any CPU.Build.0 = Release|Any CPU
	EndGlobalSection
	GlobalSection(SolutionProperties) = preSolution
		HideSolutionNode = FALSE
	EndGlobalSection
	GlobalSection(ExtensibilityGlobals) = postSolution
		SolutionGuid = {50790039-B610-4F6A-98AE-B7AEE1A22D7D}
	EndGlobalSection
EndGlobal
